
Microsoft Visual Studio Solution File, Format Version 12.00
# Visual Studio Version 16
VisualStudioVersion = 16.0.29306.81
MinimumVisualStudioVersion = 10.0.40219.1
Project("{9A19103F-16F7-4668-BE54-9A1E7A4F7556}") = "KYC_AzaKaw_Core", "KYC_AzaKaw_Core\KYC_AzaKaw_Core.csproj", "{4C55E893-D0F4-457B-8029-5232185239C4}"
EndProject
Project("{E53339B2-1760-4266-BCC7-CA923CBCF16C}") = "docker-compose", "docker-compose.dcproj", "{420CC5C9-3A6C-49DE-A43F-9BCAF1250488}"
	ProjectSection(ProjectDependencies) = postProject
		{4C55E893-D0F4-457B-8029-5232185239C4} = {4C55E893-D0F4-457B-8029-5232185239C4}
		{7DD520F8-581F-4843-BB88-53A134111095} = {7DD520F8-581F-4843-BB88-53A134111095}
	EndProjectSection
EndProject
Project("{9A19103F-16F7-4668-BE54-9A1E7A4F7556}") = "KYC_AzaKaw_WebApp", "KYC_AzaKaw_WebApp\KYC_AzaKaw_WebApp.csproj", "{7DD520F8-581F-4843-BB88-53A134111095}"
EndProject
Global
	GlobalSection(SolutionConfigurationPlatforms) = preSolution
		Debug|Any CPU = Debug|Any CPU
		Release|Any CPU = Release|Any CPU
	EndGlobalSection
	GlobalSection(ProjectConfigurationPlatforms) = postSolution
		{4C55E893-D0F4-457B-8029-5232185239C4}.Debug|Any CPU.ActiveCfg = Debug|Any CPU
		{4C55E893-D0F4-457B-8029-5232185239C4}.Debug|Any CPU.Build.0 = Debug|Any CPU
		{4C55E893-D0F4-457B-8029-5232185239C4}.Release|Any CPU.ActiveCfg = Release|Any CPU
		{4C55E893-D0F4-457B-8029-5232185239C4}.Release|Any CPU.Build.0 = Release|Any CPU
		{420CC5C9-3A6C-49DE-A43F-9BCAF1250488}.Debug|Any CPU.ActiveCfg = Debug|Any CPU
		{420CC5C9-3A6C-49DE-A43F-9BCAF1250488}.Debug|Any CPU.Build.0 = Debug|Any CPU
		{420CC5C9-3A6C-49DE-A43F-9BCAF1250488}.Release|Any CPU.ActiveCfg = Release|Any CPU
		{420CC5C9-3A6C-49DE-A43F-9BCAF1250488}.Release|Any CPU.Build.0 = Release|Any CPU
		{7DD520F8-581F-4843-BB88-53A134111095}.Debug|Any CPU.ActiveCfg = Debug|Any CPU
		{7DD520F8-581F-4843-BB88-53A134111095}.Debug|Any CPU.Build.0 = Debug|Any CPU
		{7DD520F8-581F-4843-BB88-53A134111095}.Release|Any CPU.ActiveCfg = Release|Any CPU
		{7DD520F8-581F-4843-BB88-53A134111095}.Release|Any CPU.Build.0 = Release|Any CPU
	EndGlobalSection
	GlobalSection(SolutionProperties) = preSolution
		HideSolutionNode = FALSE
	EndGlobalSection
	GlobalSection(ExtensibilityGlobals) = postSolution
		SolutionGuid = {B58DA680-E88F-447D-A34D-071298AC62C5}
	EndGlobalSection
EndGlobal
